
Microsoft Visual Studio Solution File, Format Version 12.00
# Visual Studio Version 17
VisualStudioVersion = 17.3.32825.248
MinimumVisualStudioVersion = 10.0.40219.1
Project("{9A19103F-16F7-4668-BE54-9A1E7A4F7556}") = "Repositories", "Repositories\Repositories.csproj", "{86BECD93-005A-4530-ADEC-4332E2305E23}"
EndProject
Project("{9A19103F-16F7-4668-BE54-9A1E7A4F7556}") = "Services", "Services\Services.csproj", "{4B63A8EE-1416-49D0-A1F3-2B1FC6F6D992}"
EndProject
Project("{9A19103F-16F7-4668-BE54-9A1E7A4F7556}") = "API", "API\API.csproj", "{C84A861D-CF62-4F52-A1CC-4799E60BF875}"
EndProject
Project("{FAE04EC0-301F-11D3-BF4B-00C04F79EFBC}") = "DTO", "DTO\DTO.csproj", "{A794B78E-1AA8-4033-8775-6D078013ED87}"
EndProject
Global
	GlobalSection(SolutionConfigurationPlatforms) = preSolution
		Debug|Any CPU = Debug|Any CPU
		Release|Any CPU = Release|Any CPU
	EndGlobalSection
	GlobalSection(ProjectConfigurationPlatforms) = postSolution
		{86BECD93-005A-4530-ADEC-4332E2305E23}.Debug|Any CPU.ActiveCfg = Debug|Any CPU
		{86BECD93-005A-4530-ADEC-4332E2305E23}.Debug|Any CPU.Build.0 = Debug|Any CPU
		{86BECD93-005A-4530-ADEC-4332E2305E23}.Release|Any CPU.ActiveCfg = Release|Any CPU
		{86BECD93-005A-4530-ADEC-4332E2305E23}.Release|Any CPU.Build.0 = Release|Any CPU
		{4B63A8EE-1416-49D0-A1F3-2B1FC6F6D992}.Debug|Any CPU.ActiveCfg = Debug|Any CPU
		{4B63A8EE-1416-49D0-A1F3-2B1FC6F6D992}.Debug|Any CPU.Build.0 = Debug|Any CPU
		{4B63A8EE-1416-49D0-A1F3-2B1FC6F6D992}.Release|Any CPU.ActiveCfg = Release|Any CPU
		{4B63A8EE-1416-49D0-A1F3-2B1FC6F6D992}.Release|Any CPU.Build.0 = Release|Any CPU
		{C84A861D-CF62-4F52-A1CC-4799E60BF875}.Debug|Any CPU.ActiveCfg = Debug|Any CPU
		{C84A861D-CF62-4F52-A1CC-4799E60BF875}.Debug|Any CPU.Build.0 = Debug|Any CPU
		{C84A861D-CF62-4F52-A1CC-4799E60BF875}.Release|Any CPU.ActiveCfg = Release|Any CPU
		{C84A861D-CF62-4F52-A1CC-4799E60BF875}.Release|Any CPU.Build.0 = Release|Any CPU
		{A794B78E-1AA8-4033-8775-6D078013ED87}.Debug|Any CPU.ActiveCfg = Debug|Any CPU
		{A794B78E-1AA8-4033-8775-6D078013ED87}.Debug|Any CPU.Build.0 = Debug|Any CPU
		{A794B78E-1AA8-4033-8775-6D078013ED87}.Release|Any CPU.ActiveCfg = Release|Any CPU
		{A794B78E-1AA8-4033-8775-6D078013ED87}.Release|Any CPU.Build.0 = Release|Any CPU
	EndGlobalSection
	GlobalSection(SolutionProperties) = preSolution
		HideSolutionNode = FALSE
	EndGlobalSection
	GlobalSection(ExtensibilityGlobals) = postSolution
		SolutionGuid = {C282B361-0C5B-403E-9242-FBA414426A48}
	EndGlobalSection
EndGlobal
